
Microsoft Visual Studio Solution File, Format Version 12.00
# Visual Studio Version 17
VisualStudioVersion = 17.5.33424.131
MinimumVisualStudioVersion = 10.0.40219.1
Project("{9A19103F-16F7-4668-BE54-9A1E7A4F7556}") = "ProductionPlanner", "ProductionPlanner\ProductionPlanner.csproj", "{7C45EC7D-07EA-43AA-B120-09BE4575671F}"
EndProject
Project("{FAE04EC0-301F-11D3-BF4B-00C04F79EFBC}") = "TestFunction", "TestFunction\TestFunction.csproj", "{7AD83619-D4EB-48F3-88B9-AC2ADEB93989}"
EndProject
Global
	GlobalSection(SolutionConfigurationPlatforms) = preSolution
		Debug|Any CPU = Debug|Any CPU
		Release|Any CPU = Release|Any CPU
	EndGlobalSection
	GlobalSection(ProjectConfigurationPlatforms) = postSolution
		{7C45EC7D-07EA-43AA-B120-09BE4575671F}.Debug|Any CPU.ActiveCfg = Debug|Any CPU
		{7C45EC7D-07EA-43AA-B120-09BE4575671F}.Debug|Any CPU.Build.0 = Debug|Any CPU
		{7C45EC7D-07EA-43AA-B120-09BE4575671F}.Release|Any CPU.ActiveCfg = Release|Any CPU
		{7C45EC7D-07EA-43AA-B120-09BE4575671F}.Release|Any CPU.Build.0 = Release|Any CPU
		{7AD83619-D4EB-48F3-88B9-AC2ADEB93989}.Debug|Any CPU.ActiveCfg = Debug|Any CPU
		{7AD83619-D4EB-48F3-88B9-AC2ADEB93989}.Debug|Any CPU.Build.0 = Debug|Any CPU
		{7AD83619-D4EB-48F3-88B9-AC2ADEB93989}.Release|Any CPU.ActiveCfg = Release|Any CPU
		{7AD83619-D4EB-48F3-88B9-AC2ADEB93989}.Release|Any CPU.Build.0 = Release|Any CPU
	EndGlobalSection
	GlobalSection(SolutionProperties) = preSolution
		HideSolutionNode = FALSE
	EndGlobalSection
	GlobalSection(ExtensibilityGlobals) = postSolution
		SolutionGuid = {31663CAB-43A7-4992-99C9-C79369AD20FD}
	EndGlobalSection
EndGlobal
